{
  "version": 4,
  "terraform_version": "1.15.8",
  "serial": 1083,
  "lineage": "7d88636f-3294-cb75-abe9-5211b62d6b8b",
  "outputs": {},
  "resources": [
    {
      "mode": "managed",
      "type": "aws_acm_certificate",
      "name": "app",
      "provider": "provider[\"registry.terraform.io/hashicorp/aws\"]",
      "instances": [
        {
          "index_key": 0,
          "schema_version": 0,
          "attributes": {
            "arn": "arn:aws:acm:ap-south-1:175864702507:certificate/415a182f-09f3-478c-b53e-19615f4b758e",
            "certificate_authority_arn": "",
            "certificate_body": null,
            "certificate_chain": null,
            "domain_name": "*.vihan.store",
            "domain_validation_options": [
              {
                "domain_name": "*.vihan.store",
                "resource_record_name": "_9d0a7d5daa13ef5e3b1f455d544d14e2.vihan.store.",
                "resource_record_type": "CNAME",
                "resource_record_value": "_6163751384253a2f061b535007d8bce2.jkddzztszm.acm-validations.aws."
              },
              {
                "domain_name": "vihan.store",
                "resource_record_name": "_9d0a7d5daa13ef5e3b1f455d544d14e2.vihan.store.",
                "resource_record_type": "CNAME",
                "resource_record_value": "_6163751384253a2f061b535007d8bce2.jkddzztszm.acm-validations.aws."
              }
            ],
            "early_renewal_duration": "",
            "id": "arn:aws:acm:ap-south-1:175864702507:certificate/415a182f-09f3-478c-b53e-19615f4b758e",
            "key_algorithm": "RSA_2048",
            "not_after": "2027-03-21T23:59:59Z",
            "not_before": "2026-09-05T00:00:00Z",
            "options": [
              {
                "certificate_transparency_logging_preference": "ENABLED",
                "export": "DISABLED"
              }
            ],
            "pending_renewal": false,
            "private_key": null,
            "private_key_wo": null,
            "private_key_wo_version": null,
            "region": "ap-south-1",
            "renewal_eligibility": "ELIGIBLE",
            "renewal_summary": [],
            "status": "ISSUED",
            "subject_alternative_names": [
              "*.vihan.store",
              "vihan.store"
            ],
            "tags": {
              "Name": "tf-acm-myapp-uat"
            },
            "tags_all": {
              "CostCenter": "myapp",
              "Environment": "uat",
              "ManagedBy": "Terraform",
              "Name": "tf-acm-myapp-uat",
              "Project": "myapp"
            },
            "type": "AMAZON_ISSUED",
            "validation_emails": [],
            "validation_method": "DNS",
            "validation_option": []
          },
          "sensitive_attributes": [
            [
              {
                "type": "get_attr",
                "value": "private_key"
              }
            ]
          ],
          "identity_schema_version": 0,
          "identity": {
            "arn": "arn:aws:acm:ap-south-1:175864702507:certificate/415a182f-09f3-478c-b53e-19615f4b758e"
          },
          "private": "bnVsbA==",
          "create_before_destroy": true
        }
      ]
    }
  ],
  "check_results": null
}
